
Microsoft Visual Studio Solution File, Format Version 12.00
# Visual Studio Version 17
VisualStudioVersion = 17.4.33213.308
MinimumVisualStudioVersion = 10.0.40219.1
Project("{8BC9CEB8-8B4A-11D0-8D11-00A0C91BC942}") = "Week1", "Week1\Week1.vcxproj", "{6232F406-B65A-4FCB-B69B-AAD2CFAB61C2}"
EndProject
Project("{8BC9CEB8-8B4A-11D0-8D11-00A0C91BC942}") = "Week2", "Week2\Week2.vcxproj", "{CFF9DB28-3282-46F6-B327-3E3D8276CABF}"
EndProject
Project("{8BC9CEB8-8B4A-11D0-8D11-00A0C91BC942}") = "Week3", "Week3\Week3.vcxproj", "{7DBA3798-650D-4545-B4ED-D89C8B37B13A}"
EndProject
Project("{8BC9CEB8-8B4A-11D0-8D11-00A0C91BC942}") = "Week4", "Week4\Week4.vcxproj", "{D43319B5-B848-404D-B623-42567D0B36B2}"
EndProject
Project("{8BC9CEB8-8B4A-11D0-8D11-00A0C91BC942}") = "Week5", "Week5\Week5.vcxproj", "{270EEDAF-EFFF-46B1-B61E-0A531E411C5A}"
EndProject
Project("{8BC9CEB8-8B4A-11D0-8D11-00A0C91BC942}") = "Week6", "Week6\Week6.vcxproj", "{2FBFBDAE-96E9-4DA6-8F71-872D3B6E33E9}"
EndProject
Project("{8BC9CEB8-8B4A-11D0-8D11-00A0C91BC942}") = "Week7", "Week7\Week7.vcxproj", "{E6F1ADC2-9351-45B2-9D1A-B559AB535F18}"
EndProject
Project("{8BC9CEB8-8B4A-11D0-8D11-00A0C91BC942}") = "Week8", "Week8\Week8.vcxproj", "{006FB7A1-4AF1-4E90-817A-70AB14DD9D59}"
EndProject
Project("{8BC9CEB8-8B4A-11D0-8D11-00A0C91BC942}") = "Week9", "Week9\Week9.vcxproj", "{402F3B8C-1AF3-490B-8A1E-DBB5D5ECEB2A}"
EndProject
Project("{8BC9CEB8-8B4A-11D0-8D11-00A0C91BC942}") = "Week10", "Week10\Week10.vcxproj", "{5355A0E4-7A4B-4123-A1BB-5254D0AD7DE5}"
EndProject
Project("{8BC9CEB8-8B4A-11D0-8D11-00A0C91BC942}") = "Week11", "Week11\Week11.vcxproj", "{4D07BFBE-84D9-4785-AC04-B932BA0ED625}"
EndProject
Project("{8BC9CEB8-8B4A-11D0-8D11-00A0C91BC942}") = "Week12", "Week12\Week12.vcxproj", "{FB611BE5-45C3-40B3-98AB-FFC5D6BB43C8}"
EndProject
Project("{8BC9CEB8-8B4A-11D0-8D11-00A0C91BC942}") = "Week13", "Week13\Week13.vcxproj", "{6CB09F85-DB5B-4DC3-BB91-4505670854D5}"
EndProject
Project("{8BC9CEB8-8B4A-11D0-8D11-00A0C91BC942}") = "MidTerm_Practice", "MidTerm_Practice\MidTerm_Practice.vcxproj", "{398B7EE8-F382-4489-92B8-E8E927D9E84B}"
EndProject
Project("{8BC9CEB8-8B4A-11D0-8D11-00A0C91BC942}") = "Concave_Project", "Concave_Project\Concave_Project.vcxproj", "{9E122823-7E46-4025-AC20-825E629271A4}"
EndProject
Project("{8BC9CEB8-8B4A-11D0-8D11-00A0C91BC942}") = "Mid_Term", "Mid_Term\Mid_Term.vcxproj", "{A48F2AC5-4E26-4761-8CAA-1776D6C65A93}"
EndProject
Project("{8BC9CEB8-8B4A-11D0-8D11-00A0C91BC942}") = "Final_Exam", "Final_Exam\Final_Exam.vcxproj", "{7419068E-C96C-4497-814E-5D786F65757B}"
EndProject
Global
	GlobalSection(SolutionConfigurationPlatforms) = preSolution
		Debug|x64 = Debug|x64
		Debug|x86 = Debug|x86
		Release|x64 = Release|x64
		Release|x86 = Release|x86
	EndGlobalSection
	GlobalSection(ProjectConfigurationPlatforms) = postSolution
		{6232F406-B65A-4FCB-B69B-AAD2CFAB61C2}.Debug|x64.ActiveCfg = Debug|x64
		{6232F406-B65A-4FCB-B69B-AAD2CFAB61C2}.Debug|x64.Build.0 = Debug|x64
		{6232F406-B65A-4FCB-B69B-AAD2CFAB61C2}.Debug|x86.ActiveCfg = Debug|Win32
		{6232F406-B65A-4FCB-B69B-AAD2CFAB61C2}.Debug|x86.Build.0 = Debug|Win32
		{6232F406-B65A-4FCB-B69B-AAD2CFAB61C2}.Release|x64.ActiveCfg = Release|x64
		{6232F406-B65A-4FCB-B69B-AAD2CFAB61C2}.Release|x64.Build.0 = Release|x64
		{6232F406-B65A-4FCB-B69B-AAD2CFAB61C2}.Release|x86.ActiveCfg = Release|Win32
		{6232F406-B65A-4FCB-B69B-AAD2CFAB61C2}.Release|x86.Build.0 = Release|Win32
		{CFF9DB28-3282-46F6-B327-3E3D8276CABF}.Debug|x64.ActiveCfg = Debug|x64
		{CFF9DB28-3282-46F6-B327-3E3D8276CABF}.Debug|x64.Build.0 = Debug|x64
		{CFF9DB28-3282-46F6-B327-3E3D8276CABF}.Debug|x86.ActiveCfg = Debug|Win32
		{CFF9DB28-3282-46F6-B327-3E3D8276CABF}.Debug|x86.Build.0 = Debug|Win32
		{CFF9DB28-3282-46F6-B327-3E3D8276CABF}.Release|x64.ActiveCfg = Release|x64
		{CFF9DB28-3282-46F6-B327-3E3D8276CABF}.Release|x64.Build.0 = Release|x64
		{CFF9DB28-3282-46F6-B327-3E3D8276CABF}.Release|x86.ActiveCfg = Release|Win32
		{CFF9DB28-3282-46F6-B327-3E3D8276CABF}.Release|x86.Build.0 = Release|Win32
		{7DBA3798-650D-4545-B4ED-D89C8B37B13A}.Debug|x64.ActiveCfg = Debug|x64
		{7DBA3798-650D-4545-B4ED-D89C8B37B13A}.Debug|x64.Build.0 = Debug|x64
		{7DBA3798-650D-4545-B4ED-D89C8B37B13A}.Debug|x86.ActiveCfg = Debug|Win32
		{7DBA3798-650D-4545-B4ED-D89C8B37B13A}.Debug|x86.Build.0 = Debug|Win32
		{7DBA3798-650D-4545-B4ED-D89C8B37B13A}.Release|x64.ActiveCfg = Release|x64
		{7DBA3798-650D-4545-B4ED-D89C8B37B13A}.Release|x64.Build.0 = Release|x64
		{7DBA3798-650D-4545-B4ED-D89C8B37B13A}.Release|x86.ActiveCfg = Release|Win32
		{7DBA3798-650D-4545-B4ED-D89C8B37B13A}.Release|x86.Build.0 = Release|Win32
		{D43319B5-B848-404D-B623-42567D0B36B2}.Debug|x64.ActiveCfg = Debug|x64
		{D43319B5-B848-404D-B623-42567D0B36B2}.Debug|x64.Build.0 = Debug|x64
		{D43319B5-B848-404D-B623-42567D0B36B2}.Debug|x86.ActiveCfg = Debug|Win32
		{D43319B5-B848-404D-B623-42567D0B36B2}.Debug|x86.Build.0 = Debug|Win32
		{D43319B5-B848-404D-B623-42567D0B36B2}.Release|x64.ActiveCfg = Release|x64
		{D43319B5-B848-404D-B623-42567D0B36B2}.Release|x64.Build.0 = Release|x64
		{D43319B5-B848-404D-B623-42567D0B36B2}.Release|x86.ActiveCfg = Release|Win32
		{D43319B5-B848-404D-B623-42567D0B36B2}.Release|x86.Build.0 = Release|Win32
		{270EEDAF-EFFF-46B1-B61E-0A531E411C5A}.Debug|x64.ActiveCfg = Debug|x64
		{270EEDAF-EFFF-46B1-B61E-0A531E411C5A}.Debug|x64.Build.0 = Debug|x64
		{270EEDAF-EFFF-46B1-B61E-0A531E411C5A}.Debug|x86.ActiveCfg = Debug|Win32
		{270EEDAF-EFFF-46B1-B61E-0A531E411C5A}.Debug|x86.Build.0 = Debug|Win32
		{270EEDAF-EFFF-46B1-B61E-0A531E411C5A}.Release|x64.ActiveCfg = Release|x64
		{270EEDAF-EFFF-46B1-B61E-0A531E411C5A}.Release|x64.Build.0 = Release|x64
		{270EEDAF-EFFF-46B1-B61E-0A531E411C5A}.Release|x86.ActiveCfg = Release|Win32
		{270EEDAF-EFFF-46B1-B61E-0A531E411C5A}.Release|x86.Build.0 = Release|Win32
		{2FBFBDAE-96E9-4DA6-8F71-872D3B6E33E9}.Debug|x64.ActiveCfg = Debug|x64
		{2FBFBDAE-96E9-4DA6-8F71-872D3B6E33E9}.Debug|x64.Build.0 = Debug|x64
		{2FBFBDAE-96E9-4DA6-8F71-872D3B6E33E9}.Debug|x86.ActiveCfg = Debug|Win32
		{2FBFBDAE-96E9-4DA6-8F71-872D3B6E33E9}.Debug|x86.Build.0 = Debug|Win32
		{2FBFBDAE-96E9-4DA6-8F71-872D3B6E33E9}.Release|x64.ActiveCfg = Release|x64
		{2FBFBDAE-96E9-4DA6-8F71-872D3B6E33E9}.Release|x64.Build.0 = Release|x64
		{2FBFBDAE-96E9-4DA6-8F71-872D3B6E33E9}.Release|x86.ActiveCfg = Release|Win32
		{2FBFBDAE-96E9-4DA6-8F71-872D3B6E33E9}.Release|x86.Build.0 = Release|Win32
		{E6F1ADC2-9351-45B2-9D1A-B559AB535F18}.Debug|x64.ActiveCfg = Debug|x64
		{E6F1ADC2-9351-45B2-9D1A-B559AB535F18}.Debug|x64.Build.0 = Debug|x64
		{E6F1ADC2-9351-45B2-9D1A-B559AB535F18}.Debug|x86.ActiveCfg = Debug|Win32
		{E6F1ADC2-9351-45B2-9D1A-B559AB535F18}.Debug|x86.Build.0 = Debug|Win32
		{E6F1ADC2-9351-45B2-9D1A-B559AB535F18}.Release|x64.ActiveCfg = Release|x64
		{E6F1ADC2-9351-45B2-9D1A-B559AB535F18}.Release|x64.Build.0 = Release|x64
		{E6F1ADC2-9351-45B2-9D1A-B559AB535F18}.Release|x86.ActiveCfg = Release|Win32
		{E6F1ADC2-9351-45B2-9D1A-B559AB535F18}.Release|x86.Build.0 = Release|Win32
		{006FB7A1-4AF1-4E90-817A-70AB14DD9D59}.Debug|x64.ActiveCfg = Debug|x64
		{006FB7A1-4AF1-4E90-817A-70AB14DD9D59}.Debug|x64.Build.0 = Debug|x64
		{006FB7A1-4AF1-4E90-817A-70AB14DD9D59}.Debug|x86.ActiveCfg = Debug|Win32
		{006FB7A1-4AF1-4E90-817A-70AB14DD9D59}.Debug|x86.Build.0 = Debug|Win32
		{006FB7A1-4AF1-4E90-817A-70AB14DD9D59}.Release|x64.ActiveCfg = Release|x64
		{006FB7A1-4AF1-4E90-817A-70AB14DD9D59}.Release|x64.Build.0 = Release|x64
		{006FB7A1-4AF1-4E90-817A-70AB14DD9D59}.Release|x86.ActiveCfg = Release|Win32
		{006FB7A1-4AF1-4E90-817A-70AB14DD9D59}.Release|x86.Build.0 = Release|Win32
		{402F3B8C-1AF3-490B-8A1E-DBB5D5ECEB2A}.Debug|x64.ActiveCfg = Debug|x64
		{402F3B8C-1AF3-490B-8A1E-DBB5D5ECEB2A}.Debug|x64.Build.0 = Debug|x64
		{402F3B8C-1AF3-490B-8A1E-DBB5D5ECEB2A}.Debug|x86.ActiveCfg = Debug|Win32
		{402F3B8C-1AF3-490B-8A1E-DBB5D5ECEB2A}.Debug|x86.Build.0 = Debug|Win32
		{402F3B8C-1AF3-490B-8A1E-DBB5D5ECEB2A}.Release|x64.ActiveCfg = Release|x64
		{402F3B8C-1AF3-490B-8A1E-DBB5D5ECEB2A}.Release|x64.Build.0 = Release|x64
		{402F3B8C-1AF3-490B-8A1E-DBB5D5ECEB2A}.Release|x86.ActiveCfg = Release|Win32
		{402F3B8C-1AF3-490B-8A1E-DBB5D5ECEB2A}.Release|x86.Build.0 = Release|Win32
		{5355A0E4-7A4B-4123-A1BB-5254D0AD7DE5}.Debug|x64.ActiveCfg = Debug|x64
		{5355A0E4-7A4B-4123-A1BB-5254D0AD7DE5}.Debug|x64.Build.0 = Debug|x64
		{5355A0E4-7A4B-4123-A1BB-5254D0AD7DE5}.Debug|x86.ActiveCfg = Debug|Win32
		{5355A0E4-7A4B-4123-A1BB-5254D0AD7DE5}.Debug|x86.Build.0 = Debug|Win32
		{5355A0E4-7A4B-4123-A1BB-5254D0AD7DE5}.Release|x64.ActiveCfg = Release|x64
		{5355A0E4-7A4B-4123-A1BB-5254D0AD7DE5}.Release|x64.Build.0 = Release|x64
		{5355A0E4-7A4B-4123-A1BB-5254D0AD7DE5}.Release|x86.ActiveCfg = Release|Win32
		{5355A0E4-7A4B-4123-A1BB-5254D0AD7DE5}.Release|x86.Build.0 = Release|Win32
		{4D07BFBE-84D9-4785-AC04-B932BA0ED625}.Debug|x64.ActiveCfg = Debug|x64
		{4D07BFBE-84D9-4785-AC04-B932BA0ED625}.Debug|x64.Build.0 = Debug|x64
		{4D07BFBE-84D9-4785-AC04-B932BA0ED625}.Debug|x86.ActiveCfg = Debug|Win32
		{4D07BFBE-84D9-4785-AC04-B932BA0ED625}.Debug|x86.Build.0 = Debug|Win32
		{4D07BFBE-84D9-4785-AC04-B932BA0ED625}.Release|x64.ActiveCfg = Release|x64
		{4D07BFBE-84D9-4785-AC04-B932BA0ED625}.Release|x64.Build.0 = Release|x64
		{4D07BFBE-84D9-4785-AC04-B932BA0ED625}.Release|x86.ActiveCfg = Release|Win32
		{4D07BFBE-84D9-4785-AC04-B932BA0ED625}.Release|x86.Build.0 = Release|Win32
		{FB611BE5-45C3-40B3-98AB-FFC5D6BB43C8}.Debug|x64.ActiveCfg = Debug|x64
		{FB611BE5-45C3-40B3-98AB-FFC5D6BB43C8}.Debug|x64.Build.0 = Debug|x64
		{FB611BE5-45C3-40B3-98AB-FFC5D6BB43C8}.Debug|x86.ActiveCfg = Debug|Win32
		{FB611BE5-45C3-40B3-98AB-FFC5D6BB43C8}.Debug|x86.Build.0 = Debug|Win32
		{FB611BE5-45C3-40B3-98AB-FFC5D6BB43C8}.Release|x64.ActiveCfg = Release|x64
		{FB611BE5-45C3-40B3-98AB-FFC5D6BB43C8}.Release|x64.Build.0 = Release|x64
		{FB611BE5-45C3-40B3-98AB-FFC5D6BB43C8}.Release|x86.ActiveCfg = Release|Win32
		{FB611BE5-45C3-40B3-98AB-FFC5D6BB43C8}.Release|x86.Build.0 = Release|Win32
		{6CB09F85-DB5B-4DC3-BB91-4505670854D5}.Debug|x64.ActiveCfg = Debug|x64
		{6CB09F85-DB5B-4DC3-BB91-4505670854D5}.Debug|x64.Build.0 = Debug|x64
		{6CB09F85-DB5B-4DC3-BB91-4505670854D5}.Debug|x86.ActiveCfg = Debug|Win32
		{6CB09F85-DB5B-4DC3-BB91-4505670854D5}.Debug|x86.Build.0 = Debug|Win32
		{6CB09F85-DB5B-4DC3-BB91-4505670854D5}.Release|x64.ActiveCfg = Release|x64
		{6CB09F85-DB5B-4DC3-BB91-4505670854D5}.Release|x64.Build.0 = Release|x64
		{6CB09F85-DB5B-4DC3-BB91-4505670854D5}.Release|x86.ActiveCfg = Release|Win32
		{6CB09F85-DB5B-4DC3-BB91-4505670854D5}.Release|x86.Build.0 = Release|Win32
		{398B7EE8-F382-4489-92B8-E8E927D9E84B}.Debug|x64.ActiveCfg = Debug|x64
		{398B7EE8-F382-4489-92B8-E8E927D9E84B}.Debug|x64.Build.0 = Debug|x64
		{398B7EE8-F382-4489-92B8-E8E927D9E84B}.Debug|x86.ActiveCfg = Debug|Win32
		{398B7EE8-F382-4489-92B8-E8E927D9E84B}.Debug|x86.Build.0 = Debug|Win32
		{398B7EE8-F382-4489-92B8-E8E927D9E84B}.Release|x64.ActiveCfg = Release|x64
		{398B7EE8-F382-4489-92B8-E8E927D9E84B}.Release|x64.Build.0 = Release|x64
		{398B7EE8-F382-4489-92B8-E8E927D9E84B}.Release|x86.ActiveCfg = Release|Win32
		{398B7EE8-F382-4489-92B8-E8E927D9E84B}.Release|x86.Build.0 = Release|Win32
		{9E122823-7E46-4025-AC20-825E629271A4}.Debug|x64.ActiveCfg = Debug|x64
		{9E122823-7E46-4025-AC20-825E629271A4}.Debug|x64.Build.0 = Debug|x64
		{9E122823-7E46-4025-AC20-825E629271A4}.Debug|x86.ActiveCfg = Debug|Win32
		{9E122823-7E46-4025-AC20-825E629271A4}.Debug|x86.Build.0 = Debug|Win32
		{9E122823-7E46-4025-AC20-825E629271A4}.Release|x64.ActiveCfg = Release|x64
		{9E122823-7E46-4025-AC20-825E629271A4}.Release|x64.Build.0 = Release|x64
		{9E122823-7E46-4025-AC20-825E629271A4}.Release|x86.ActiveCfg = Release|Win32
		{9E122823-7E46-4025-AC20-825E629271A4}.Release|x86.Build.0 = Release|Win32
		{A48F2AC5-4E26-4761-8CAA-1776D6C65A93}.Debug|x64.ActiveCfg = Debug|x64
		{A48F2AC5-4E26-4761-8CAA-1776D6C65A93}.Debug|x64.Build.0 = Debug|x64
		{A48F2AC5-4E26-4761-8CAA-1776D6C65A93}.Debug|x86.ActiveCfg = Debug|Win32
		{A48F2AC5-4E26-4761-8CAA-1776D6C65A93}.Debug|x86.Build.0 = Debug|Win32
		{A48F2AC5-4E26-4761-8CAA-1776D6C65A93}.Release|x64.ActiveCfg = Release|x64
		{A48F2AC5-4E26-4761-8CAA-1776D6C65A93}.Release|x64.Build.0 = Release|x64
		{A48F2AC5-4E26-4761-8CAA-1776D6C65A93}.Release|x86.ActiveCfg = Release|Win32
		{A48F2AC5-4E26-4761-8CAA-1776D6C65A93}.Release|x86.Build.0 = Release|Win32
		{7419068E-C96C-4497-814E-5D786F65757B}.Debug|x64.ActiveCfg = Debug|x64
		{7419068E-C96C-4497-814E-5D786F65757B}.Debug|x64.Build.0 = Debug|x64
		{7419068E-C96C-4497-814E-5D786F65757B}.Debug|x86.ActiveCfg = Debug|Win32
		{7419068E-C96C-4497-814E-5D786F65757B}.Debug|x86.Build.0 = Debug|Win32
		{7419068E-C96C-4497-814E-5D786F65757B}.Release|x64.ActiveCfg = Release|x64
		{7419068E-C96C-4497-814E-5D786F65757B}.Release|x64.Build.0 = Release|x64
		{7419068E-C96C-4497-814E-5D786F65757B}.Release|x86.ActiveCfg = Release|Win32
		{7419068E-C96C-4497-814E-5D786F65757B}.Release|x86.Build.0 = Release|Win32
	EndGlobalSection
	GlobalSection(SolutionProperties) = preSolution
		HideSolutionNode = FALSE
	EndGlobalSection
	GlobalSection(ExtensibilityGlobals) = postSolution
		SolutionGuid = {023481FD-FAC3-4C91-A522-03A7134DD6A3}
	EndGlobalSection
EndGlobal
